// !$*UTF8*$!
{
	archiveVersion = 1;
	classes = {
	};
	objectVersion = 46;
	objects = {

/* Begin PBXBuildFile section */
		8763E8B819B1889000959442 /* main.cpp in Sources */ = {isa = PBXBuildFile; fileRef = 8763E8B719B1889000959442 /* main.cpp */; };
		8763E8BA19B1889000959442 /* LocalLibrary.cpp in Sources */ = {isa = PBXBuildFile; fileRef = 8763E8B919B1889000959442 /* LocalLibrary.cpp */; };
		8763E8BD19B1889000959442 /* Makefile in Sources */ = {isa = PBXBuildFile; fileRef = 8763E8BC19B1889000959442 /* Makefile */; };
/* End PBXBuildFile section */

/* Begin PBXFileReference section */
		8763E8B419B1889000959442 /* Index */ = {isa = PBXFileReference; explicitFileType = "compiled.mach-o.executable"; includeInIndex = 0; path = Index; sourceTree = BUILT_PRODUCTS_DIR; };
		8763E8B719B1889000959442 /* main.cpp */ = {isa = PBXFileReference; lastKnownFileType = sourcecode.cpp.cpp; path = main.cpp; sourceTree = "<group>"; };
		8763E8B919B1889000959442 /* LocalLibrary.cpp */ = {isa = PBXFileReference; lastKnownFileType = sourcecode.cpp.cpp; path = LocalLibrary.cpp; sourceTree = "<group>"; };
		8763E8BB19B1889000959442 /* LocalLibrary.h */ = {isa = PBXFileReference; lastKnownFileType = sourcecode.c.h; path = LocalLibrary.h; sourceTree = "<group>"; };
		8763E8BC19B1889000959442 /* Makefile */ = {isa = PBXFileReference; lastKnownFileType = sourcecode.make; path = Makefile; sourceTree = "<group>"; };
		8763E8BF19B1889000959442 /* Sketchbook.txt */ = {isa = PBXFileReference; lastKnownFileType = text; name = Sketchbook.txt; path = Sketchbook/Sketchbook.txt; sourceTree = "<group>"; };
		8763E8C119B1889000959442 /* 4D Systems PICadillo 35T.xcconfig */ = {isa = PBXFileReference; lastKnownFileType = text.xcconfig; name = "4D Systems PICadillo 35T.xcconfig"; path = "Configurations/4D Systems PICadillo 35T.xcconfig"; sourceTree = "<group>"; };
		8763E8C219B1889000959442 /* Arduino Due.xcconfig */ = {isa = PBXFileReference; lastKnownFileType = text.xcconfig; name = "Arduino Due.xcconfig"; path = "Configurations/Arduino Due.xcconfig"; sourceTree = "<group>"; };
		8763E8C319B1889000959442 /* Arduino Duemilanove.xcconfig */ = {isa = PBXFileReference; lastKnownFileType = text.xcconfig; name = "Arduino Duemilanove.xcconfig"; path = "Configurations/Arduino Duemilanove.xcconfig"; sourceTree = "<group>"; };
		8763E8C419B1889000959442 /* Arduino Leonardo.xcconfig */ = {isa = PBXFileReference; lastKnownFileType = text.xcconfig; name = "Arduino Leonardo.xcconfig"; path = "Configurations/Arduino Leonardo.xcconfig"; sourceTree = "<group>"; };
		8763E8C519B1889000959442 /* Arduino Mega 2560.xcconfig */ = {isa = PBXFileReference; lastKnownFileType = text.xcconfig; name = "Arduino Mega 2560.xcconfig"; path = "Configurations/Arduino Mega 2560.xcconfig"; sourceTree = "<group>"; };
		8763E8C619B1889000959442 /* Arduino Micro.xcconfig */ = {isa = PBXFileReference; lastKnownFileType = text.xcconfig; name = "Arduino Micro.xcconfig"; path = "Configurations/Arduino Micro.xcconfig"; sourceTree = "<group>"; };
		8763E8C719B1889000959442 /* Arduino Pro with ATmega328-3.3V.xcconfig */ = {isa = PBXFileReference; lastKnownFileType = text.xcconfig; name = "Arduino Pro with ATmega328-3.3V.xcconfig"; path = "Configurations/Arduino Pro with ATmega328-3.3V.xcconfig"; sourceTree = "<group>"; };
		8763E8C819B1889000959442 /* Arduino Pro with ATmega328-5V.xcconfig */ = {isa = PBXFileReference; lastKnownFileType = text.xcconfig; name = "Arduino Pro with ATmega328-5V.xcconfig"; path = "Configurations/Arduino Pro with ATmega328-5V.xcconfig"; sourceTree = "<group>"; };
		8763E8C919B1889000959442 /* Arduino Mini with ATmega168.xcconfig */ = {isa = PBXFileReference; lastKnownFileType = text.xcconfig; name = "Arduino Mini with ATmega168.xcconfig"; path = "Configurations/Arduino Mini with ATmega168.xcconfig"; sourceTree = "<group>"; };
		8763E8CA19B1889000959442 /* Arduino Mini with ATmega328.xcconfig */ = {isa = PBXFileReference; lastKnownFileType = text.xcconfig; name = "Arduino Mini with ATmega328.xcconfig"; path = "Configurations/Arduino Mini with ATmega328.xcconfig"; sourceTree = "<group>"; };
		8763E8CB19B1889000959442 /* Arduino Nano with ATmega168.xcconfig */ = {isa = PBXFileReference; lastKnownFileType = text.xcconfig; name = "Arduino Nano with ATmega168.xcconfig"; path = "Configurations/Arduino Nano with ATmega168.xcconfig"; sourceTree = "<group>"; };
		8763E8CC19B1889000959442 /* Arduino Nano with ATmega328.xcconfig */ = {isa = PBXFileReference; lastKnownFileType = text.xcconfig; name = "Arduino Nano with ATmega328.xcconfig"; path = "Configurations/Arduino Nano with ATmega328.xcconfig"; sourceTree = "<group>"; };
		8763E8CD19B1889000959442 /* Arduino Robot Control.xcconfig */ = {isa = PBXFileReference; lastKnownFileType = text.xcconfig; name = "Arduino Robot Control.xcconfig"; path = "Configurations/Arduino Robot Control.xcconfig"; sourceTree = "<group>"; };
		8763E8CE19B1889000959442 /* Arduino Robot Motor.xcconfig */ = {isa = PBXFileReference; lastKnownFileType = text.xcconfig; name = "Arduino Robot Motor.xcconfig"; path = "Configurations/Arduino Robot Motor.xcconfig"; sourceTree = "<group>"; };
		8763E8CF19B1889000959442 /* Arduino Uno.xcconfig */ = {isa = PBXFileReference; lastKnownFileType = text.xcconfig; name = "Arduino Uno.xcconfig"; path = "Configurations/Arduino Uno.xcconfig"; sourceTree = "<group>"; };
		8763E8D019B1889000959442 /* Arduino Yun.xcconfig */ = {isa = PBXFileReference; lastKnownFileType = text.xcconfig; name = "Arduino Yun.xcconfig"; path = "Configurations/Arduino Yun.xcconfig"; sourceTree = "<group>"; };
		8763E8D119B1889000959442 /* chipKIT Uno32.xcconfig */ = {isa = PBXFileReference; lastKnownFileType = text.xcconfig; name = "chipKIT Uno32.xcconfig"; path = "Configurations/chipKIT Uno32.xcconfig"; sourceTree = "<group>"; };
		8763E8D219B1889000959442 /* chipKIT Max32.xcconfig */ = {isa = PBXFileReference; lastKnownFileType = text.xcconfig; name = "chipKIT Max32.xcconfig"; path = "Configurations/chipKIT Max32.xcconfig"; sourceTree = "<group>"; };
		8763E8D319B1889000959442 /* chipKIT uC32.xcconfig */ = {isa = PBXFileReference; lastKnownFileType = text.xcconfig; name = "chipKIT uC32.xcconfig"; path = "Configurations/chipKIT uC32.xcconfig"; sourceTree = "<group>"; };
		8763E8D419B1889000959442 /* DFRobot BLuno.xcconfig */ = {isa = PBXFileReference; lastKnownFileType = text.xcconfig; name = "DFRobot BLuno.xcconfig"; path = "Configurations/DFRobot BLuno.xcconfig"; sourceTree = "<group>"; };
		8763E8D519B1889000959442 /* Digispark Tiny Core.xcconfig */ = {isa = PBXFileReference; lastKnownFileType = text.xcconfig; name = "Digispark Tiny Core.xcconfig"; path = "Configurations/Digispark Tiny Core.xcconfig"; sourceTree = "<group>"; };
		8763E8D619B1889000959442 /* Experimeter Board with MSP430FR5739.xcconfig */ = {isa = PBXFileReference; lastKnownFileType = text.xcconfig; name = "Experimeter Board with MSP430FR5739.xcconfig"; path = "Configurations/Experimeter Board with MSP430FR5739.xcconfig"; sourceTree = "<group>"; };
		8763E8D719B1889000959442 /* Intel Galileo.xcconfig */ = {isa = PBXFileReference; lastKnownFileType = text.xcconfig; name = "Intel Galileo.xcconfig"; path = "Configurations/Intel Galileo.xcconfig"; sourceTree = "<group>"; };
		8763E8D819B1889000959442 /* Intel Galileo Gen2.xcconfig */ = {isa = PBXFileReference; lastKnownFileType = text.xcconfig; name = "Intel Galileo Gen2.xcconfig"; path = "Configurations/Intel Galileo Gen2.xcconfig"; sourceTree = "<group>"; };
		8763E8D919B1889000959442 /* LaunchPad WiFi with CC3200.xcconfig */ = {isa = PBXFileReference; lastKnownFileType = text.xcconfig; name = "LaunchPad WiFi with CC3200.xcconfig"; path = "Configurations/LaunchPad WiFi with CC3200.xcconfig"; sourceTree = "<group>"; };
		8763E8DA19B1889000959442 /* LaunchPad Stellaris with LM4F120.xcconfig */ = {isa = PBXFileReference; lastKnownFileType = text.xcconfig; name = "LaunchPad Stellaris with LM4F120.xcconfig"; path = "Configurations/LaunchPad Stellaris with LM4F120.xcconfig"; sourceTree = "<group>"; };
		8763E8DB19B1889000959442 /* LaunchPad Tiva C with TM4C123.xcconfig */ = {isa = PBXFileReference; lastKnownFileType = text.xcconfig; name = "LaunchPad Tiva C with TM4C123.xcconfig"; path = "Configurations/LaunchPad Tiva C with TM4C123.xcconfig"; sourceTree = "<group>"; };
		8763E8DC19B1889000959442 /* LaunchPad Tiva C with TM4C129.xcconfig */ = {isa = PBXFileReference; lastKnownFileType = text.xcconfig; name = "LaunchPad Tiva C with TM4C129.xcconfig"; path = "Configurations/LaunchPad Tiva C with TM4C129.xcconfig"; sourceTree = "<group>"; };
		8763E8DD19B1889000959442 /* LaunchPad with MSP430G2553.xcconfig */ = {isa = PBXFileReference; lastKnownFileType = text.xcconfig; name = "LaunchPad with MSP430G2553.xcconfig"; path = "Configurations/LaunchPad with MSP430G2553.xcconfig"; sourceTree = "<group>"; };
		8763E8DE19B1889000959442 /* LaunchPad with MSP430G2231.xcconfig */ = {isa = PBXFileReference; lastKnownFileType = text.xcconfig; name = "LaunchPad with MSP430G2231.xcconfig"; path = "Configurations/LaunchPad with MSP430G2231.xcconfig"; sourceTree = "<group>"; };
		8763E8DF19B1889000959442 /* LaunchPad with MSP430G2452.xcconfig */ = {isa = PBXFileReference; lastKnownFileType = text.xcconfig; name = "LaunchPad with MSP430G2452.xcconfig"; path = "Configurations/LaunchPad with MSP430G2452.xcconfig"; sourceTree = "<group>"; };
		8763E8E019B1889000959442 /* LaunchPad with MSP430F5529.xcconfig */ = {isa = PBXFileReference; lastKnownFileType = text.xcconfig; name = "LaunchPad with MSP430F5529.xcconfig"; path = "Configurations/LaunchPad with MSP430F5529.xcconfig"; sourceTree = "<group>"; };
		8763E8E119B1889000959442 /* LaunchPad with MSP430FR5969.xcconfig */ = {isa = PBXFileReference; lastKnownFileType = text.xcconfig; name = "LaunchPad with MSP430FR5969.xcconfig"; path = "Configurations/LaunchPad with MSP430FR5969.xcconfig"; sourceTree = "<group>"; };
		8763E8E219B1889000959442 /* Maple Flash revision 3+.xcconfig */ = {isa = PBXFileReference; lastKnownFileType = text.xcconfig; name = "Maple Flash revision 3+.xcconfig"; path = "Configurations/Maple Flash revision 3+.xcconfig"; sourceTree = "<group>"; };
		8763E8E319B1889000959442 /* Microduino Core with ATmega328-5V.xcconfig */ = {isa = PBXFileReference; lastKnownFileType = text.xcconfig; name = "Microduino Core with ATmega328-5V.xcconfig"; path = "Configurations/Microduino Core with ATmega328-5V.xcconfig"; sourceTree = "<group>"; };
		8763E8E419B1889000959442 /* Microduino Core32u4 with ATmega328U4-5V.xcconfig */ = {isa = PBXFileReference; lastKnownFileType = text.xcconfig; name = "Microduino Core32u4 with ATmega328U4-5V.xcconfig"; path = "Configurations/Microduino Core32u4 with ATmega328U4-5V.xcconfig"; sourceTree = "<group>"; };
		8763E8E519B1889000959442 /* Microduino Core+ with ATmega644-5V.xcconfig */ = {isa = PBXFileReference; lastKnownFileType = text.xcconfig; name = "Microduino Core+ with ATmega644-5V.xcconfig"; path = "Configurations/Microduino Core+ with ATmega644-5V.xcconfig"; sourceTree = "<group>"; };
		8763E8E619B1889000959442 /* Sparkfun Uno.xcconfig */ = {isa = PBXFileReference; lastKnownFileType = text.xcconfig; name = "Sparkfun Uno.xcconfig"; path = "Configurations/Sparkfun Uno.xcconfig"; sourceTree = "<group>"; };
		8763E8E719B1889000959442 /* Teensy 2.0.xcconfig */ = {isa = PBXFileReference; lastKnownFileType = text.xcconfig; name = "Teensy 2.0.xcconfig"; path = "Configurations/Teensy 2.0.xcconfig"; sourceTree = "<group>"; };
		8763E8E819B1889000959442 /* Teensy 3.0.xcconfig */ = {isa = PBXFileReference; lastKnownFileType = text.xcconfig; name = "Teensy 3.0.xcconfig"; path = "Configurations/Teensy 3.0.xcconfig"; sourceTree = "<group>"; };
		8763E8E919B1889000959442 /* Teensy 3.1.xcconfig */ = {isa = PBXFileReference; lastKnownFileType = text.xcconfig; name = "Teensy 3.1.xcconfig"; path = "Configurations/Teensy 3.1.xcconfig"; sourceTree = "<group>"; };
		8763E8EA19B1889000959442 /* Wiring S.xcconfig */ = {isa = PBXFileReference; lastKnownFileType = text.xcconfig; name = "Wiring S.xcconfig"; path = "Configurations/Wiring S.xcconfig"; sourceTree = "<group>"; };
		8763E8EC19B1889000959442 /* Arduino.mk */ = {isa = PBXFileReference; lastKnownFileType = text; name = Arduino.mk; path = Makefiles/Arduino.mk; sourceTree = "<group>"; };
		8763E8ED19B1889000959442 /* Arduino1.mk */ = {isa = PBXFileReference; lastKnownFileType = text; name = Arduino1.mk; path = Makefiles/Arduino1.mk; sourceTree = "<group>"; };
		8763E8EE19B1889000959442 /* Arduino15avr.mk */ = {isa = PBXFileReference; lastKnownFileType = text; name = Arduino15avr.mk; path = Makefiles/Arduino15avr.mk; sourceTree = "<group>"; };
		8763E8EF19B1889000959442 /* Arduino15sam.mk */ = {isa = PBXFileReference; lastKnownFileType = text; name = Arduino15sam.mk; path = Makefiles/Arduino15sam.mk; sourceTree = "<group>"; };
		8763E8F019B1889000959442 /* Arduino23.mk */ = {isa = PBXFileReference; lastKnownFileType = text; name = Arduino23.mk; path = Makefiles/Arduino23.mk; sourceTree = "<group>"; };
		8763E8F119B1889000959442 /* Digispark.mk */ = {isa = PBXFileReference; lastKnownFileType = text; name = Digispark.mk; path = Makefiles/Digispark.mk; sourceTree = "<group>"; };
		8763E8F219B1889000959442 /* EnergiaMSP430.mk */ = {isa = PBXFileReference; lastKnownFileType = text; name = EnergiaMSP430.mk; path = Makefiles/EnergiaMSP430.mk; sourceTree = "<group>"; };
		8763E8F319B1889000959442 /* EnergiaLM4F.mk */ = {isa = PBXFileReference; lastKnownFileType = text; name = EnergiaLM4F.mk; path = Makefiles/EnergiaLM4F.mk; sourceTree = "<group>"; };
		8763E8F419B1889000959442 /* EnergiaCC3200.mk */ = {isa = PBXFileReference; lastKnownFileType = text; name = EnergiaCC3200.mk; path = Makefiles/EnergiaCC3200.mk; sourceTree = "<group>"; };
		8763E8F519B1889000959442 /* Galileo.mk */ = {isa = PBXFileReference; lastKnownFileType = text; name = Galileo.mk; path = Makefiles/Galileo.mk; sourceTree = "<group>"; };
		8763E8F619B1889000959442 /* MapleIDE.mk */ = {isa = PBXFileReference; lastKnownFileType = text; name = MapleIDE.mk; path = Makefiles/MapleIDE.mk; sourceTree = "<group>"; };
		8763E8F719B1889000959442 /* Microduino.mk */ = {isa = PBXFileReference; lastKnownFileType = text; name = Microduino.mk; path = Makefiles/Microduino.mk; sourceTree = "<group>"; };
		8763E8F819B1889000959442 /* Mpide.mk */ = {isa = PBXFileReference; lastKnownFileType = text; name = Mpide.mk; path = Makefiles/Mpide.mk; sourceTree = "<group>"; };
		8763E8F919B1889000959442 /* Wiring.mk */ = {isa = PBXFileReference; lastKnownFileType = text; name = Wiring.mk; path = Makefiles/Wiring.mk; sourceTree = "<group>"; };
		8763E8FA19B1889100959442 /* Step1.mk */ = {isa = PBXFileReference; lastKnownFileType = text; name = Step1.mk; path = Makefiles/Step1.mk; sourceTree = "<group>"; };
		8763E8FB19B1889100959442 /* Step2.mk */ = {isa = PBXFileReference; lastKnownFileType = text; name = Step2.mk; path = Makefiles/Step2.mk; sourceTree = "<group>"; };
		8763E8FC19B1889100959442 /* Teensy.mk */ = {isa = PBXFileReference; lastKnownFileType = text; name = Teensy.mk; path = Makefiles/Teensy.mk; sourceTree = "<group>"; };
		8763E8FD19B1889100959442 /* Teensy2.mk */ = {isa = PBXFileReference; lastKnownFileType = text; name = Teensy2.mk; path = Makefiles/Teensy2.mk; sourceTree = "<group>"; };
		8763E8FE19B1889100959442 /* Teensy3.mk */ = {isa = PBXFileReference; lastKnownFileType = text; name = Teensy3.mk; path = Makefiles/Teensy3.mk; sourceTree = "<group>"; };
		8763E8FF19B1889100959442 /* Avrdude.mk */ = {isa = PBXFileReference; lastKnownFileType = text; name = Avrdude.mk; path = Makefiles/Avrdude.mk; sourceTree = "<group>"; };
		8763E90019B1889100959442 /* ReadMe.txt */ = {isa = PBXFileReference; lastKnownFileType = text; path = ReadMe.txt; sourceTree = "<group>"; };
		8763E90219B1889100959442 /* About.txt */ = {isa = PBXFileReference; lastKnownFileType = text; name = About.txt; path = About/About.txt; sourceTree = "<group>"; };
		8763E90419B1889100959442 /* reset.py */ = {isa = PBXFileReference; lastKnownFileType = text.script.python; name = reset.py; path = Utilities/reset.py; sourceTree = "<group>"; };
		8763E90519B1889100959442 /* serial1200.py */ = {isa = PBXFileReference; lastKnownFileType = text.script.python; name = serial1200.py; path = Utilities/serial1200.py; sourceTree = "<group>"; };
		8763E90619B1889100959442 /* embedXcode_prepare */ = {isa = PBXFileReference; lastKnownFileType = "compiled.mach-o.executable"; name = embedXcode_prepare; path = Utilities/embedXcode_prepare; sourceTree = "<group>"; };
		8763E90719B1889100959442 /* embedXcode_check */ = {isa = PBXFileReference; lastKnownFileType = "compiled.mach-o.executable"; name = embedXcode_check; path = Utilities/embedXcode_check; sourceTree = "<group>"; };
		8763E90819B1889100959442 /* embedXcode_chrono */ = {isa = PBXFileReference; lastKnownFileType = "compiled.mach-o.executable"; name = embedXcode_chrono; path = Utilities/embedXcode_chrono; sourceTree = "<group>"; };
		8763E90919B1889100959442 /* TemplateIcon.icns */ = {isa = PBXFileReference; lastKnownFileType = image.icns; name = TemplateIcon.icns; path = Utilities/TemplateIcon.icns; sourceTree = "<group>"; };
		8763E90A19B1889100959442 /* clupload_osx.sh */ = {isa = PBXFileReference; lastKnownFileType = text.script.sh; name = clupload_osx.sh; path = Utilities/clupload_osx.sh; sourceTree = "<group>"; };
		8763E90B19B1889100959442 /* TREX_controller.ino */ = {isa = PBXFileReference; lastKnownFileType = text; path = TREX_controller.ino; sourceTree = "<group>"; };
		8763E91E19B193E600959442 /* IOpins.h */ = {isa = PBXFileReference; fileEncoding = 4; lastKnownFileType = sourcecode.c.h; path = IOpins.h; sourceTree = "<group>"; };
/* End PBXFileReference section */

/* Begin PBXGroup section */
		8763E8A919B1889000959442 = {
			isa = PBXGroup;
			children = (
				8763E8B619B1889000959442 /* TREX_controller */,
				8763E8B519B1889000959442 /* Products */,
			);
			sourceTree = "<group>";
		};
		8763E8B519B1889000959442 /* Products */ = {
			isa = PBXGroup;
			children = (
				8763E8B419B1889000959442 /* Index */,
			);
			name = Products;
			sourceTree = "<group>";
		};
		8763E8B619B1889000959442 /* TREX_controller */ = {
			isa = PBXGroup;
			children = (
				8763E91E19B193E600959442 /* IOpins.h */,
				8763E8B719B1889000959442 /* main.cpp */,
				8763E8B919B1889000959442 /* LocalLibrary.cpp */,
				8763E8BB19B1889000959442 /* LocalLibrary.h */,
				8763E8BC19B1889000959442 /* Makefile */,
				8763E90019B1889100959442 /* ReadMe.txt */,
				8763E90B19B1889100959442 /* TREX_controller.ino */,
				8763E8BE19B1889000959442 /* Sketchbook */,
				8763E8C019B1889000959442 /* Configurations */,
				8763E8EB19B1889000959442 /* Makefiles */,
				8763E90119B1889100959442 /* About */,
				8763E90319B1889100959442 /* Utilities */,
			);
			path = TREX_controller;
			sourceTree = "<group>";
		};
		8763E8BE19B1889000959442 /* Sketchbook */ = {
			isa = PBXGroup;
			children = (
				8763E8BF19B1889000959442 /* Sketchbook.txt */,
			);
			name = Sketchbook;
			sourceTree = "<group>";
		};
		8763E8C019B1889000959442 /* Configurations */ = {
			isa = PBXGroup;
			children = (
				8763E8C119B1889000959442 /* 4D Systems PICadillo 35T.xcconfig */,
				8763E8C219B1889000959442 /* Arduino Due.xcconfig */,
				8763E8C319B1889000959442 /* Arduino Duemilanove.xcconfig */,
				8763E8C419B1889000959442 /* Arduino Leonardo.xcconfig */,
				8763E8C519B1889000959442 /* Arduino Mega 2560.xcconfig */,
				8763E8C619B1889000959442 /* Arduino Micro.xcconfig */,
				8763E8C719B1889000959442 /* Arduino Pro with ATmega328-3.3V.xcconfig */,
				8763E8C819B1889000959442 /* Arduino Pro with ATmega328-5V.xcconfig */,
				8763E8C919B1889000959442 /* Arduino Mini with ATmega168.xcconfig */,
				8763E8CA19B1889000959442 /* Arduino Mini with ATmega328.xcconfig */,
				8763E8CB19B1889000959442 /* Arduino Nano with ATmega168.xcconfig */,
				8763E8CC19B1889000959442 /* Arduino Nano with ATmega328.xcconfig */,
				8763E8CD19B1889000959442 /* Arduino Robot Control.xcconfig */,
				8763E8CE19B1889000959442 /* Arduino Robot Motor.xcconfig */,
				8763E8CF19B1889000959442 /* Arduino Uno.xcconfig */,
				8763E8D019B1889000959442 /* Arduino Yun.xcconfig */,
				8763E8D119B1889000959442 /* chipKIT Uno32.xcconfig */,
				8763E8D219B1889000959442 /* chipKIT Max32.xcconfig */,
				8763E8D319B1889000959442 /* chipKIT uC32.xcconfig */,
				8763E8D419B1889000959442 /* DFRobot BLuno.xcconfig */,
				8763E8D519B1889000959442 /* Digispark Tiny Core.xcconfig */,
				8763E8D619B1889000959442 /* Experimeter Board with MSP430FR5739.xcconfig */,
				8763E8D719B1889000959442 /* Intel Galileo.xcconfig */,
				8763E8D819B1889000959442 /* Intel Galileo Gen2.xcconfig */,
				8763E8D919B1889000959442 /* LaunchPad WiFi with CC3200.xcconfig */,
				8763E8DA19B1889000959442 /* LaunchPad Stellaris with LM4F120.xcconfig */,
				8763E8DB19B1889000959442 /* LaunchPad Tiva C with TM4C123.xcconfig */,
				8763E8DC19B1889000959442 /* LaunchPad Tiva C with TM4C129.xcconfig */,
				8763E8DD19B1889000959442 /* LaunchPad with MSP430G2553.xcconfig */,
				8763E8DE19B1889000959442 /* LaunchPad with MSP430G2231.xcconfig */,
				8763E8DF19B1889000959442 /* LaunchPad with MSP430G2452.xcconfig */,
				8763E8E019B1889000959442 /* LaunchPad with MSP430F5529.xcconfig */,
				8763E8E119B1889000959442 /* LaunchPad with MSP430FR5969.xcconfig */,
				8763E8E219B1889000959442 /* Maple Flash revision 3+.xcconfig */,
				8763E8E319B1889000959442 /* Microduino Core with ATmega328-5V.xcconfig */,
				8763E8E419B1889000959442 /* Microduino Core32u4 with ATmega328U4-5V.xcconfig */,
				8763E8E519B1889000959442 /* Microduino Core+ with ATmega644-5V.xcconfig */,
				8763E8E619B1889000959442 /* Sparkfun Uno.xcconfig */,
				8763E8E719B1889000959442 /* Teensy 2.0.xcconfig */,
				8763E8E819B1889000959442 /* Teensy 3.0.xcconfig */,
				8763E8E919B1889000959442 /* Teensy 3.1.xcconfig */,
				8763E8EA19B1889000959442 /* Wiring S.xcconfig */,
			);
			name = Configurations;
			sourceTree = "<group>";
		};
		8763E8EB19B1889000959442 /* Makefiles */ = {
			isa = PBXGroup;
			children = (
				8763E8EC19B1889000959442 /* Arduino.mk */,
				8763E8ED19B1889000959442 /* Arduino1.mk */,
				8763E8EE19B1889000959442 /* Arduino15avr.mk */,
				8763E8EF19B1889000959442 /* Arduino15sam.mk */,
				8763E8F019B1889000959442 /* Arduino23.mk */,
				8763E8F119B1889000959442 /* Digispark.mk */,
				8763E8F219B1889000959442 /* EnergiaMSP430.mk */,
				8763E8F319B1889000959442 /* EnergiaLM4F.mk */,
				8763E8F419B1889000959442 /* EnergiaCC3200.mk */,
				8763E8F519B1889000959442 /* Galileo.mk */,
				8763E8F619B1889000959442 /* MapleIDE.mk */,
				8763E8F719B1889000959442 /* Microduino.mk */,
				8763E8F819B1889000959442 /* Mpide.mk */,
				8763E8F919B1889000959442 /* Wiring.mk */,
				8763E8FA19B1889100959442 /* Step1.mk */,
				8763E8FB19B1889100959442 /* Step2.mk */,
				8763E8FC19B1889100959442 /* Teensy.mk */,
				8763E8FD19B1889100959442 /* Teensy2.mk */,
				8763E8FE19B1889100959442 /* Teensy3.mk */,
				8763E8FF19B1889100959442 /* Avrdude.mk */,
			);
			name = Makefiles;
			sourceTree = "<group>";
		};
		8763E90119B1889100959442 /* About */ = {
			isa = PBXGroup;
			children = (
				8763E90219B1889100959442 /* About.txt */,
			);
			name = About;
			sourceTree = "<group>";
		};
		8763E90319B1889100959442 /* Utilities */ = {
			isa = PBXGroup;
			children = (
				8763E90419B1889100959442 /* reset.py */,
				8763E90519B1889100959442 /* serial1200.py */,
				8763E90619B1889100959442 /* embedXcode_prepare */,
				8763E90719B1889100959442 /* embedXcode_check */,
				8763E90819B1889100959442 /* embedXcode_chrono */,
				8763E90919B1889100959442 /* TemplateIcon.icns */,
				8763E90A19B1889100959442 /* clupload_osx.sh */,
			);
			name = Utilities;
			sourceTree = "<group>";
		};
/* End PBXGroup section */

/* Begin PBXLegacyTarget section */
		8763E8AE19B1889000959442 /* All */ = {
			isa = PBXLegacyTarget;
			buildArgumentsString = "all -C \"$(PROJECT)\"";
			buildConfigurationList = 8763E90E19B1889100959442 /* Build configuration list for PBXLegacyTarget "All" */;
			buildPhases = (
			);
			buildToolPath = make;
			dependencies = (
			);
			name = All;
			passBuildSettingsInEnvironment = 1;
			productName = All;
		};
		8763E8AF19B1889000959442 /* Build */ = {
			isa = PBXLegacyTarget;
			buildArgumentsString = "build -C \"$(PROJECT)\"";
			buildConfigurationList = 8763E91119B1889100959442 /* Build configuration list for PBXLegacyTarget "Build" */;
			buildPhases = (
			);
			buildToolPath = make;
			dependencies = (
			);
			name = Build;
			passBuildSettingsInEnvironment = 1;
			productName = Build;
		};
		8763E8B019B1889000959442 /* Serial */ = {
			isa = PBXLegacyTarget;
			buildArgumentsString = "serial -C \"$(PROJECT)\"";
			buildConfigurationList = 8763E91419B1889100959442 /* Build configuration list for PBXLegacyTarget "Serial" */;
			buildPhases = (
			);
			buildToolPath = make;
			dependencies = (
			);
			name = Serial;
			passBuildSettingsInEnvironment = 1;
			productName = Serial;
		};
		8763E8B119B1889000959442 /* Upload */ = {
			isa = PBXLegacyTarget;
			buildArgumentsString = "upload -C \"$(PROJECT)\"";
			buildConfigurationList = 8763E91719B1889100959442 /* Build configuration list for PBXLegacyTarget "Upload" */;
			buildPhases = (
			);
			buildToolPath = make;
			dependencies = (
			);
			name = Upload;
			passBuildSettingsInEnvironment = 1;
			productName = Upload;
		};
/* End PBXLegacyTarget section */

/* Begin PBXNativeTarget section */
		8763E8B319B1889000959442 /* Index */ = {
			isa = PBXNativeTarget;
			buildConfigurationList = 8763E91A19B1889100959442 /* Build configuration list for PBXNativeTarget "Index" */;
			buildPhases = (
				8763E8B219B1889000959442 /* Sources */,
			);
			buildRules = (
			);
			dependencies = (
			);
			name = Index;
			productName = Index;
			productReference = 8763E8B419B1889000959442 /* Index */;
			productType = "com.apple.product-type.tool";
		};
/* End PBXNativeTarget section */

/* Begin PBXProject section */
		8763E8AA19B1889000959442 /* Project object */ = {
			isa = PBXProject;
			attributes = {
				LastUpgradeCheck = 0510;
				ORGANIZATIONNAME = "DAGU Hi-Tech Electronics";
			};
			buildConfigurationList = 8763E8AD19B1889000959442 /* Build configuration list for PBXProject "TREX_controller" */;
			compatibilityVersion = "Xcode 3.2";
			developmentRegion = English;
			hasScannedForEncodings = 0;
			knownRegions = (
				en,
			);
			mainGroup = 8763E8A919B1889000959442;
			productRefGroup = 8763E8B519B1889000959442 /* Products */;
			projectDirPath = "";
			projectRoot = "";
			targets = (
				8763E8AE19B1889000959442 /* All */,
				8763E8AF19B1889000959442 /* Build */,
				8763E8B019B1889000959442 /* Serial */,
				8763E8B119B1889000959442 /* Upload */,
				8763E8B319B1889000959442 /* Index */,
			);
		};
/* End PBXProject section */

/* Begin PBXSourcesBuildPhase section */
		8763E8B219B1889000959442 /* Sources */ = {
			isa = PBXSourcesBuildPhase;
			buildActionMask = 2147483647;
			files = (
				8763E8BD19B1889000959442 /* Makefile in Sources */,
				8763E8B819B1889000959442 /* main.cpp in Sources */,
				8763E8BA19B1889000959442 /* LocalLibrary.cpp in Sources */,
			);
			runOnlyForDeploymentPostprocessing = 0;
		};
/* End PBXSourcesBuildPhase section */

/* Begin XCBuildConfiguration section */
		8763E90C19B1889100959442 /* Debug */ = {
			isa = XCBuildConfiguration;
			baseConfigurationReference = 8763E8C519B1889000959442 /* Arduino Mega 2560.xcconfig */;
			buildSettings = {
				ALWAYS_SEARCH_USER_PATHS = NO;
				CLANG_CXX_LANGUAGE_STANDARD = "gnu++0x";
				CLANG_CXX_LIBRARY = "libc++";
				CLANG_ENABLE_MODULES = YES;
				CLANG_ENABLE_OBJC_ARC = YES;
				CLANG_WARN_BOOL_CONVERSION = YES;
				CLANG_WARN_CONSTANT_CONVERSION = YES;
				CLANG_WARN_DIRECT_OBJC_ISA_USAGE = YES_ERROR;
				CLANG_WARN_EMPTY_BODY = YES;
				CLANG_WARN_ENUM_CONVERSION = YES;
				CLANG_WARN_INT_CONVERSION = YES;
				CLANG_WARN_OBJC_ROOT_CLASS = YES_ERROR;
				CLANG_WARN__DUPLICATE_METHOD_MATCH = YES;
				COPY_PHASE_STRIP = NO;
				GCC_C_LANGUAGE_STANDARD = gnu99;
				GCC_DYNAMIC_NO_PIC = NO;
				GCC_OPTIMIZATION_LEVEL = 0;
				GCC_PREPROCESSOR_DEFINITIONS = (
					"DEBUG=1",
					"$(inherited)",
				);
				GCC_SYMBOLS_PRIVATE_EXTERN = NO;
				GCC_WARN_64_TO_32_BIT_CONVERSION = YES;
				GCC_WARN_ABOUT_RETURN_TYPE = YES_ERROR;
				GCC_WARN_UNDECLARED_SELECTOR = YES;
				GCC_WARN_UNINITIALIZED_AUTOS = YES_AGGRESSIVE;
				GCC_WARN_UNUSED_FUNCTION = YES;
				GCC_WARN_UNUSED_VARIABLE = YES;
				HEADER_SEARCH_PATHS = "$(inherited)";
				PATH = "$(PATH):$(PROJECT_DIR)";
				PRODUCT_NAME = "$(TARGET_NAME)";
				SKETCHBOOK_DIR = "";
				SKETCH_EXTENSION = ino;
			};
			name = Debug;
		};
		8763E90D19B1889100959442 /* Release */ = {
			isa = XCBuildConfiguration;
			buildSettings = {
				ALWAYS_SEARCH_USER_PATHS = NO;
				CLANG_CXX_LANGUAGE_STANDARD = "gnu++0x";
				CLANG_CXX_LIBRARY = "libc++";
				CLANG_ENABLE_MODULES = YES;
				CLANG_ENABLE_OBJC_ARC = YES;
				CLANG_WARN_BOOL_CONVERSION = YES;
				CLANG_WARN_CONSTANT_CONVERSION = YES;
				CLANG_WARN_DIRECT_OBJC_ISA_USAGE = YES_ERROR;
				CLANG_WARN_EMPTY_BODY = YES;
				CLANG_WARN_ENUM_CONVERSION = YES;
				CLANG_WARN_INT_CONVERSION = YES;
				CLANG_WARN_OBJC_ROOT_CLASS = YES_ERROR;
				CLANG_WARN__DUPLICATE_METHOD_MATCH = YES;
				COPY_PHASE_STRIP = YES;
				ENABLE_NS_ASSERTIONS = NO;
				GCC_C_LANGUAGE_STANDARD = gnu99;
				GCC_WARN_64_TO_32_BIT_CONVERSION = YES;
				GCC_WARN_ABOUT_RETURN_TYPE = YES_ERROR;
				GCC_WARN_UNDECLARED_SELECTOR = YES;
				GCC_WARN_UNINITIALIZED_AUTOS = YES_AGGRESSIVE;
				GCC_WARN_UNUSED_FUNCTION = YES;
				GCC_WARN_UNUSED_VARIABLE = YES;
				HEADER_SEARCH_PATHS = "$(inherited)";
				PATH = "$(PATH):$(PROJECT_DIR)";
				PRODUCT_NAME = "$(TARGET_NAME)";
				SKETCHBOOK_DIR = "";
				SKETCH_EXTENSION = ino;
			};
			name = Release;
		};
		8763E90F19B1889100959442 /* Debug */ = {
			isa = XCBuildConfiguration;
			buildSettings = {
				PRODUCT_NAME = "$(TARGET_NAME)";
			};
			name = Debug;
		};
		8763E91019B1889100959442 /* Release */ = {
			isa = XCBuildConfiguration;
			buildSettings = {
				PRODUCT_NAME = "$(TARGET_NAME)";
			};
			name = Release;
		};
		8763E91219B1889100959442 /* Debug */ = {
			isa = XCBuildConfiguration;
			buildSettings = {
			};
			name = Debug;
		};
		8763E91319B1889100959442 /* Release */ = {
			isa = XCBuildConfiguration;
			buildSettings = {
			};
			name = Release;
		};
		8763E91519B1889100959442 /* Debug */ = {
			isa = XCBuildConfiguration;
			buildSettings = {
			};
			name = Debug;
		};
		8763E91619B1889100959442 /* Release */ = {
			isa = XCBuildConfiguration;
			buildSettings = {
			};
			name = Release;
		};
		8763E91819B1889100959442 /* Debug */ = {
			isa = XCBuildConfiguration;
			buildSettings = {
			};
			name = Debug;
		};
		8763E91919B1889100959442 /* Release */ = {
			isa = XCBuildConfiguration;
			buildSettings = {
			};
			name = Release;
		};
		8763E91B19B1889100959442 /* Debug */ = {
			isa = XCBuildConfiguration;
			buildSettings = {
			};
			name = Debug;
		};
		8763E91C19B1889100959442 /* Release */ = {
			isa = XCBuildConfiguration;
			buildSettings = {
			};
			name = Release;
		};
/* End XCBuildConfiguration section */

/* Begin XCConfigurationList section */
		8763E8AD19B1889000959442 /* Build configuration list for PBXProject "TREX_controller" */ = {
			isa = XCConfigurationList;
			buildConfigurations = (
				8763E90C19B1889100959442 /* Debug */,
				8763E90D19B1889100959442 /* Release */,
			);
			defaultConfigurationIsVisible = 0;
			defaultConfigurationName = Release;
		};
		8763E90E19B1889100959442 /* Build configuration list for PBXLegacyTarget "All" */ = {
			isa = XCConfigurationList;
			buildConfigurations = (
				8763E90F19B1889100959442 /* Debug */,
				8763E91019B1889100959442 /* Release */,
			);
			defaultConfigurationIsVisible = 0;
		};
		8763E91119B1889100959442 /* Build configuration list for PBXLegacyTarget "Build" */ = {
			isa = XCConfigurationList;
			buildConfigurations = (
				8763E91219B1889100959442 /* Debug */,
				8763E91319B1889100959442 /* Release */,
			);
			defaultConfigurationIsVisible = 0;
		};
		8763E91419B1889100959442 /* Build configuration list for PBXLegacyTarget "Serial" */ = {
			isa = XCConfigurationList;
			buildConfigurations = (
				8763E91519B1889100959442 /* Debug */,
				8763E91619B1889100959442 /* Release */,
			);
			defaultConfigurationIsVisible = 0;
		};
		8763E91719B1889100959442 /* Build configuration list for PBXLegacyTarget "Upload" */ = {
			isa = XCConfigurationList;
			buildConfigurations = (
				8763E91819B1889100959442 /* Debug */,
				8763E91919B1889100959442 /* Release */,
			);
			defaultConfigurationIsVisible = 0;
		};
		8763E91A19B1889100959442 /* Build configuration list for PBXNativeTarget "Index" */ = {
			isa = XCConfigurationList;
			buildConfigurations = (
				8763E91B19B1889100959442 /* Debug */,
				8763E91C19B1889100959442 /* Release */,
			);
			defaultConfigurationIsVisible = 0;
		};
/* End XCConfigurationList section */
	};
	rootObject = 8763E8AA19B1889000959442 /* Project object */;
}
